
Microsoft Visual Studio Solution File, Format Version 12.00
# Visual Studio 15
VisualStudioVersion = 15.0.28307.489
MinimumVisualStudioVersion = 10.0.40219.1
Project("{FAE04EC0-301F-11D3-BF4B-00C04F79EFBC}") = "Web", "Web\Web.csproj", "{B991A21E-A063-4AB5-B70B-F76D74D175BA}"
EndProject
Project("{FAE04EC0-301F-11D3-BF4B-00C04F79EFBC}") = "Backoffice", "Backoffice\Backoffice.csproj", "{FA9993BF-512B-496F-ABFD-4A969F6832D1}"
EndProject
Project("{FAE04EC0-301F-11D3-BF4B-00C04F79EFBC}") = "Domain", "Domain\Domain.csproj", "{DCA0625A-AC54-48F1-AFB7-94A252F4F25A}"
EndProject
Project("{FAE04EC0-301F-11D3-BF4B-00C04F79EFBC}") = "Persistence", "Persistence\Persistence.csproj", "{1C254B53-B093-4869-BD9E-C9B2B66035D4}"
EndProject
Project("{FAE04EC0-301F-11D3-BF4B-00C04F79EFBC}") = "Application", "Application\Application.csproj", "{6A3B4E59-AF19-4E4C-9608-CC9721767448}"
EndProject
Global
	GlobalSection(SolutionConfigurationPlatforms) = preSolution
		Debug|Any CPU = Debug|Any CPU
		Release|Any CPU = Release|Any CPU
	EndGlobalSection
	GlobalSection(ProjectConfigurationPlatforms) = postSolution
		{B991A21E-A063-4AB5-B70B-F76D74D175BA}.Debug|Any CPU.ActiveCfg = Debug|Any CPU
		{B991A21E-A063-4AB5-B70B-F76D74D175BA}.Debug|Any CPU.Build.0 = Debug|Any CPU
		{B991A21E-A063-4AB5-B70B-F76D74D175BA}.Release|Any CPU.ActiveCfg = Release|Any CPU
		{B991A21E-A063-4AB5-B70B-F76D74D175BA}.Release|Any CPU.Build.0 = Release|Any CPU
		{FA9993BF-512B-496F-ABFD-4A969F6832D1}.Debug|Any CPU.ActiveCfg = Debug|Any CPU
		{FA9993BF-512B-496F-ABFD-4A969F6832D1}.Debug|Any CPU.Build.0 = Debug|Any CPU
		{FA9993BF-512B-496F-ABFD-4A969F6832D1}.Release|Any CPU.ActiveCfg = Release|Any CPU
		{FA9993BF-512B-496F-ABFD-4A969F6832D1}.Release|Any CPU.Build.0 = Release|Any CPU
		{DCA0625A-AC54-48F1-AFB7-94A252F4F25A}.Debug|Any CPU.ActiveCfg = Debug|Any CPU
		{DCA0625A-AC54-48F1-AFB7-94A252F4F25A}.Debug|Any CPU.Build.0 = Debug|Any CPU
		{DCA0625A-AC54-48F1-AFB7-94A252F4F25A}.Release|Any CPU.ActiveCfg = Release|Any CPU
		{DCA0625A-AC54-48F1-AFB7-94A252F4F25A}.Release|Any CPU.Build.0 = Release|Any CPU
		{1C254B53-B093-4869-BD9E-C9B2B66035D4}.Debug|Any CPU.ActiveCfg = Debug|Any CPU
		{1C254B53-B093-4869-BD9E-C9B2B66035D4}.Debug|Any CPU.Build.0 = Debug|Any CPU
		{1C254B53-B093-4869-BD9E-C9B2B66035D4}.Release|Any CPU.ActiveCfg = Release|Any CPU
		{1C254B53-B093-4869-BD9E-C9B2B66035D4}.Release|Any CPU.Build.0 = Release|Any CPU
		{6A3B4E59-AF19-4E4C-9608-CC9721767448}.Debug|Any CPU.ActiveCfg = Debug|Any CPU
		{6A3B4E59-AF19-4E4C-9608-CC9721767448}.Debug|Any CPU.Build.0 = Debug|Any CPU
		{6A3B4E59-AF19-4E4C-9608-CC9721767448}.Release|Any CPU.ActiveCfg = Release|Any CPU
		{6A3B4E59-AF19-4E4C-9608-CC9721767448}.Release|Any CPU.Build.0 = Release|Any CPU
	EndGlobalSection
	GlobalSection(SolutionProperties) = preSolution
		HideSolutionNode = FALSE
	EndGlobalSection
	GlobalSection(ExtensibilityGlobals) = postSolution
		SolutionGuid = {A2BC055F-59F1-4DCA-BC1C-F59D73AC684D}
	EndGlobalSection
EndGlobal
